{
  "pins" : [
    {
      "identity" : "cocoamqtt",
      "kind" : "remoteSourceControl",
      "location" : "https://github.com/emqx/CocoaMQTT.git",
      "state" : {
        "branch" : "master",
        "revision" : "4abf2d10315dff60661a32f1db5dcc45a9df9f09"
      }
    },
    {
      "identity" : "jvscripting",
      "kind" : "remoteSourceControl",
      "location" : "https://github.com/TheMisfit68/JVScripting.git",
      "state" : {
        "branch" : "main",
        "revision" : "dc94ef54c0db26d7503add4ad49ad019f84d0a02"
      }
    },
    {
      "identity" : "jvsecurity",
      "kind" : "remoteSourceControl",
      "location" : "https://github.com/TheMisfit68/JVSecurity.git",
      "state" : {
        "branch" : "main",
        "revision" : "59218b5f77113728d28b6ded2d38f783f00a68e7"
      }
    },
    {
      "identity" : "jvswiftcore",
      "kind" : "remoteSourceControl",
      "location" : "https://github.com/TheMisfit68/JVSwiftCore.git",
      "state" : {
        "branch" : "main",
        "revision" : "dc1abd4d514b266b30f2027d25f098c9295aba33"
      }
    },
    {
      "identity" : "jvui",
      "kind" : "remoteSourceControl",
      "location" : "https://github.com/TheMisfit68/JVUI.git",
      "state" : {
        "branch" : "main",
        "revision" : "a25e045021ca04d7fd4532c15083c96e9b1110bf"
      }
    },
    {
      "identity" : "mqttcocoaasyncsocket",
      "kind" : "remoteSourceControl",
      "location" : "https://github.com/leeway1208/MqttCocoaAsyncSocket",
      "state" : {
        "revision" : "ce3e18607fd01079495f86ff6195d8a3ca469f73",
        "version" : "1.0.8"
      }
    },
    {
      "identity" : "starscream",
      "kind" : "remoteSourceControl",
      "location" : "https://github.com/daltoniam/Starscream.git",
      "state" : {
        "revision" : "c6bfd1af48efcc9a9ad203665db12375ba6b145a",
        "version" : "4.0.8"
      }
    }
  ],
  "version" : 2
}
